<?xml version="1.0" encoding="utf-8"?>
<Project ToolsVersion="4.0" xmlns="http://schemas.microsoft.com/developer/msbuild/2003">
  <ItemGroup>
    <Filter Include="Trial">
      <UniqueIdentifier>{41592F0E-AD6D-57BF-76EF-FA1EE2C253F0}</UniqueIdentifier>
    </Filter>
    <Filter Include="Trial\Events">
      <UniqueIdentifier>{05F27D0E-F154-0DB3-9ADA-4569861CD935}</UniqueIdentifier>
    </Filter>
  </ItemGroup>
  <ItemGroup>
    <ClInclude Include="src\Trial.h" />
    <ClInclude Include="src\Trial\Application.h">
      <Filter>Trial</Filter>
    </ClInclude>
    <ClInclude Include="src\Trial\Core.h">
      <Filter>Trial</Filter>
    </ClInclude>
    <ClInclude Include="src\Trial\EntryPoint.h">
      <Filter>Trial</Filter>
    </ClInclude>
    <ClInclude Include="src\Trial\Events\Event.h">
      <Filter>Trial\Events</Filter>
    </ClInclude>
    <ClInclude Include="src\Trial\Log.h">
      <Filter>Trial</Filter>
    </ClInclude>
    <ClInclude Include="src\Trial\TrialDllImpExp.h">
      <Filter>Trial</Filter>
    </ClInclude>
    <ClInclude Include="KeyEvent.h">
      <Filter>Trial\Events</Filter>
    </ClInclude>
    <ClInclude Include="MouseEvent.h">
      <Filter>Trial\Events</Filter>
    </ClInclude>
    <ClInclude Include="ApplicationEvent.h">
      <Filter>Trial\Events</Filter>
    </ClInclude>
  </ItemGroup>
  <ItemGroup>
    <ClCompile Include="src\Trial\Application.cpp">
      <Filter>Trial</Filter>
    </ClCompile>
    <ClCompile Include="src\Trial\Log.cpp">
      <Filter>Trial</Filter>
    </ClCompile>
  </ItemGroup>
</Project>